
Microsoft Visual Studio Solution File, Format Version 12.00
# Visual Studio Version 17
VisualStudioVersion = 17.7.34221.43
MinimumVisualStudioVersion = 10.0.40219.1
Project("{FAE04EC0-301F-11D3-BF4B-00C04F79EFBC}") = "DungeonCrawler", "DungeonCrawler\DungeonCrawler.csproj", "{73D9A08D-80E2-4FF7-B0A2-0594FFFADBD8}"
EndProject
Global
	GlobalSection(SolutionConfigurationPlatforms) = preSolution
		Debug|Any CPU = Debug|Any CPU
		Release|Any CPU = Release|Any CPU
	EndGlobalSection
	GlobalSection(ProjectConfigurationPlatforms) = postSolution
		{73D9A08D-80E2-4FF7-B0A2-0594FFFADBD8}.Debug|Any CPU.ActiveCfg = Debug|Any CPU
		{73D9A08D-80E2-4FF7-B0A2-0594FFFADBD8}.Debug|Any CPU.Build.0 = Debug|Any CPU
		{73D9A08D-80E2-4FF7-B0A2-0594FFFADBD8}.Release|Any CPU.ActiveCfg = Release|Any CPU
		{73D9A08D-80E2-4FF7-B0A2-0594FFFADBD8}.Release|Any CPU.Build.0 = Release|Any CPU
	EndGlobalSection
	GlobalSection(SolutionProperties) = preSolution
		HideSolutionNode = FALSE
	EndGlobalSection
	GlobalSection(ExtensibilityGlobals) = postSolution
		SolutionGuid = {83288717-994A-445C-A9E9-D4713056B176}
	EndGlobalSection
EndGlobal
